// !$*UTF8*$!
{
	archiveVersion = 1;
	classes = {
	};
	objectVersion = 56;
	objects = {

/* Begin PBXBuildFile section */
		77095704290AB7400030408D /* Sec7_4_ListSwipeActionApp.swift in Sources */ = {isa = PBXBuildFile; fileRef = 77095703290AB7400030408D /* Sec7_4_ListSwipeActionApp.swift */; };
		77095706290AB7400030408D /* ContentView.swift in Sources */ = {isa = PBXBuildFile; fileRef = 77095705290AB7400030408D /* ContentView.swift */; };
		77095708290AB74F0030408D /* Assets.xcassets in Resources */ = {isa = PBXBuildFile; fileRef = 77095707290AB74F0030408D /* Assets.xcassets */; };
		7709570B290AB74F0030408D /* Preview Assets.xcassets in Resources */ = {isa = PBXBuildFile; fileRef = 7709570A290AB74F0030408D /* Preview Assets.xcassets */; };
		775ADBD5290BF549000FB2AD /* BookData.swift in Sources */ = {isa = PBXBuildFile; fileRef = 775ADBD4290BF549000FB2AD /* BookData.swift */; };
		7775F991290FE22C00A163EE /* BookData2.swift in Sources */ = {isa = PBXBuildFile; fileRef = 7775F990290FE22C00A163EE /* BookData2.swift */; };
		7775F995290FEC8000A163EE /* ContentView2.swift in Sources */ = {isa = PBXBuildFile; fileRef = 7775F994290FEC8000A163EE /* ContentView2.swift */; };
		7775F9972910025500A163EE /* ContentView3.swift in Sources */ = {isa = PBXBuildFile; fileRef = 7775F9962910025500A163EE /* ContentView3.swift */; };
/* End PBXBuildFile section */

/* Begin PBXFileReference section */
		77095700290AB7400030408D /* Sec7-4_ListSwipeAction.app */ = {isa = PBXFileReference; explicitFileType = wrapper.application; includeInIndex = 0; path = "Sec7-4_ListSwipeAction.app"; sourceTree = BUILT_PRODUCTS_DIR; };
		77095703290AB7400030408D /* Sec7_4_ListSwipeActionApp.swift */ = {isa = PBXFileReference; lastKnownFileType = sourcecode.swift; path = Sec7_4_ListSwipeActionApp.swift; sourceTree = "<group>"; };
		77095705290AB7400030408D /* ContentView.swift */ = {isa = PBXFileReference; lastKnownFileType = sourcecode.swift; path = ContentView.swift; sourceTree = "<group>"; };
		77095707290AB74F0030408D /* Assets.xcassets */ = {isa = PBXFileReference; lastKnownFileType = folder.assetcatalog; path = Assets.xcassets; sourceTree = "<group>"; };
		7709570A290AB74F0030408D /* Preview Assets.xcassets */ = {isa = PBXFileReference; lastKnownFileType = folder.assetcatalog; path = "Preview Assets.xcassets"; sourceTree = "<group>"; };
		775ADBD4290BF549000FB2AD /* BookData.swift */ = {isa = PBXFileReference; lastKnownFileType = sourcecode.swift; path = BookData.swift; sourceTree = "<group>"; };
		7775F990290FE22C00A163EE /* BookData2.swift */ = {isa = PBXFileReference; lastKnownFileType = sourcecode.swift; path = BookData2.swift; sourceTree = "<group>"; };
		7775F994290FEC8000A163EE /* ContentView2.swift */ = {isa = PBXFileReference; lastKnownFileType = sourcecode.swift; path = ContentView2.swift; sourceTree = "<group>"; };
		7775F9962910025500A163EE /* ContentView3.swift */ = {isa = PBXFileReference; lastKnownFileType = sourcecode.swift; path = ContentView3.swift; sourceTree = "<group>"; };
/* End PBXFileReference section */

/* Begin PBXFrameworksBuildPhase section */
		770956FD290AB7400030408D /* Frameworks */ = {
			isa = PBXFrameworksBuildPhase;
			buildActionMask = 2147483647;
			files = (
			);
			runOnlyForDeploymentPostprocessing = 0;
		};
/* End PBXFrameworksBuildPhase section */

/* Begin PBXGroup section */
		770956F7290AB7400030408D = {
			isa = PBXGroup;
			children = (
				77095702290AB7400030408D /* Sec7-4_ListSwipeAction */,
				77095701290AB7400030408D /* Products */,
			);
			sourceTree = "<group>";
		};
		77095701290AB7400030408D /* Products */ = {
			isa = PBXGroup;
			children = (
				77095700290AB7400030408D /* Sec7-4_ListSwipeAction.app */,
			);
			name = Products;
			sourceTree = "<group>";
		};
		77095702290AB7400030408D /* Sec7-4_ListSwipeAction */ = {
			isa = PBXGroup;
			children = (
				77095703290AB7400030408D /* Sec7_4_ListSwipeActionApp.swift */,
				77095705290AB7400030408D /* ContentView.swift */,
				775ADBD4290BF549000FB2AD /* BookData.swift */,
				7775F990290FE22C00A163EE /* BookData2.swift */,
				7775F994290FEC8000A163EE /* ContentView2.swift */,
				7775F9962910025500A163EE /* ContentView3.swift */,
				77095707290AB74F0030408D /* Assets.xcassets */,
				77095709290AB74F0030408D /* Preview Content */,
			);
			path = "Sec7-4_ListSwipeAction";
			sourceTree = "<group>";
		};
		77095709290AB74F0030408D /* Preview Content */ = {
			isa = PBXGroup;
			children = (
				7709570A290AB74F0030408D /* Preview Assets.xcassets */,
			);
			path = "Preview Content";
			sourceTree = "<group>";
		};
/* End PBXGroup section */

/* Begin PBXNativeTarget section */
		770956FF290AB7400030408D /* Sec7-4_ListSwipeAction */ = {
			isa = PBXNativeTarget;
			buildConfigurationList = 7709570E290AB74F0030408D /* Build configuration list for PBXNativeTarget "Sec7-4_ListSwipeAction" */;
			buildPhases = (
				770956FC290AB7400030408D /* Sources */,
				770956FD290AB7400030408D /* Frameworks */,
				770956FE290AB7400030408D /* Resources */,
			);
			buildRules = (
			);
			dependencies = (
			);
			name = "Sec7-4_ListSwipeAction";
			productName = "Sec7-4_ListSwipeAction";
			productReference = 77095700290AB7400030408D /* Sec7-4_ListSwipeAction.app */;
			productType = "com.apple.product-type.application";
		};
/* End PBXNativeTarget section */

/* Begin PBXProject section */
		770956F8290AB7400030408D /* Project object */ = {
			isa = PBXProject;
			attributes = {
				BuildIndependentTargetsInParallel = 1;
				LastSwiftUpdateCheck = 1400;
				LastUpgradeCheck = 1400;
				TargetAttributes = {
					770956FF290AB7400030408D = {
						CreatedOnToolsVersion = 14.0.1;
					};
				};
			};
			buildConfigurationList = 770956FB290AB7400030408D /* Build configuration list for PBXProject "Sec7-4_ListSwipeAction" */;
			compatibilityVersion = "Xcode 14.0";
			developmentRegion = en;
			hasScannedForEncodings = 0;
			knownRegions = (
				en,
				Base,
			);
			mainGroup = 770956F7290AB7400030408D;
			productRefGroup = 77095701290AB7400030408D /* Products */;
			projectDirPath = "";
			projectRoot = "";
			targets = (
				770956FF290AB7400030408D /* Sec7-4_ListSwipeAction */,
			);
		};
/* End PBXProject section */

/* Begin PBXResourcesBuildPhase section */
		770956FE290AB7400030408D /* Resources */ = {
			isa = PBXResourcesBuildPhase;
			buildActionMask = 2147483647;
			files = (
				7709570B290AB74F0030408D /* Preview Assets.xcassets in Resources */,
				77095708290AB74F0030408D /* Assets.xcassets in Resources */,
			);
			runOnlyForDeploymentPostprocessing = 0;
		};
/* End PBXResourcesBuildPhase section */

/* Begin PBXSourcesBuildPhase section */
		770956FC290AB7400030408D /* Sources */ = {
			isa = PBXSourcesBuildPhase;
			buildActionMask = 2147483647;
			files = (
				7775F9972910025500A163EE /* ContentView3.swift in Sources */,
				77095706290AB7400030408D /* ContentView.swift in Sources */,
				7775F991290FE22C00A163EE /* BookData2.swift in Sources */,
				77095704290AB7400030408D /* Sec7_4_ListSwipeActionApp.swift in Sources */,
				7775F995290FEC8000A163EE /* ContentView2.swift in Sources */,
				775ADBD5290BF549000FB2AD /* BookData.swift in Sources */,
			);
			runOnlyForDeploymentPostprocessing = 0;
		};
/* End PBXSourcesBuildPhase section */

/* Begin XCBuildConfiguration section */
		7709570C290AB74F0030408D /* Debug */ = {
			isa = XCBuildConfiguration;
			buildSettings = {
				ALWAYS_SEARCH_USER_PATHS = NO;
				CLANG_ANALYZER_NONNULL = YES;
				CLANG_ANALYZER_NUMBER_OBJECT_CONVERSION = YES_AGGRESSIVE;
				CLANG_CXX_LANGUAGE_STANDARD = "gnu++20";
				CLANG_ENABLE_MODULES = YES;
				CLANG_ENABLE_OBJC_ARC = YES;
				CLANG_ENABLE_OBJC_WEAK = YES;
				CLANG_WARN_BLOCK_CAPTURE_AUTORELEASING = YES;
				CLANG_WARN_BOOL_CONVERSION = YES;
				CLANG_WARN_COMMA = YES;
				CLANG_WARN_CONSTANT_CONVERSION = YES;
				CLANG_WARN_DEPRECATED_OBJC_IMPLEMENTATIONS = YES;
				CLANG_WARN_DIRECT_OBJC_ISA_USAGE = YES_ERROR;
				CLANG_WARN_DOCUMENTATION_COMMENTS = YES;
				CLANG_WARN_EMPTY_BODY = YES;
				CLANG_WARN_ENUM_CONVERSION = YES;
				CLANG_WARN_INFINITE_RECURSION = YES;
				CLANG_WARN_INT_CONVERSION = YES;
				CLANG_WARN_NON_LITERAL_NULL_CONVERSION = YES;
				CLANG_WARN_OBJC_IMPLICIT_RETAIN_SELF = YES;
				CLANG_WARN_OBJC_LITERAL_CONVERSION = YES;
				CLANG_WARN_OBJC_ROOT_CLASS = YES_ERROR;
				CLANG_WARN_QUOTED_INCLUDE_IN_FRAMEWORK_HEADER = YES;
				CLANG_WARN_RANGE_LOOP_ANALYSIS = YES;
				CLANG_WARN_STRICT_PROTOTYPES = YES;
				CLANG_WARN_SUSPICIOUS_MOVE = YES;
				CLANG_WARN_UNGUARDED_AVAILABILITY = YES_AGGRESSIVE;
				CLANG_WARN_UNREACHABLE_CODE = YES;
				CLANG_WARN__DUPLICATE_METHOD_MATCH = YES;
				COPY_PHASE_STRIP = NO;
				DEBUG_INFORMATION_FORMAT = dwarf;
				ENABLE_STRICT_OBJC_MSGSEND = YES;
				ENABLE_TESTABILITY = YES;
				GCC_C_LANGUAGE_STANDARD = gnu11;
				GCC_DYNAMIC_NO_PIC = NO;
				GCC_NO_COMMON_BLOCKS = YES;
				GCC_OPTIMIZATION_LEVEL = 0;
				GCC_PREPROCESSOR_DEFINITIONS = (
					"DEBUG=1",
					"$(inherited)",
				);
				GCC_WARN_64_TO_32_BIT_CONVERSION = YES;
				GCC_WARN_ABOUT_RETURN_TYPE = YES_ERROR;
				GCC_WARN_UNDECLARED_SELECTOR = YES;
				GCC_WARN_UNINITIALIZED_AUTOS = YES_AGGRESSIVE;
				GCC_WARN_UNUSED_FUNCTION = YES;
				GCC_WARN_UNUSED_VARIABLE = YES;
				IPHONEOS_DEPLOYMENT_TARGET = 16.0;
				MTL_ENABLE_DEBUG_INFO = INCLUDE_SOURCE;
				MTL_FAST_MATH = YES;
				ONLY_ACTIVE_ARCH = YES;
				SDKROOT = iphoneos;
				SWIFT_ACTIVE_COMPILATION_CONDITIONS = DEBUG;
				SWIFT_OPTIMIZATION_LEVEL = "-Onone";
			};
			name = Debug;
		};
		7709570D290AB74F0030408D /* Release */ = {
			isa = XCBuildConfiguration;
			buildSettings = {
				ALWAYS_SEARCH_USER_PATHS = NO;
				CLANG_ANALYZER_NONNULL = YES;
				CLANG_ANALYZER_NUMBER_OBJECT_CONVERSION = YES_AGGRESSIVE;
				CLANG_CXX_LANGUAGE_STANDARD = "gnu++20";
				CLANG_ENABLE_MODULES = YES;
				CLANG_ENABLE_OBJC_ARC = YES;
				CLANG_ENABLE_OBJC_WEAK = YES;
				CLANG_WARN_BLOCK_CAPTURE_AUTORELEASING = YES;
				CLANG_WARN_BOOL_CONVERSION = YES;
				CLANG_WARN_COMMA = YES;
				CLANG_WARN_CONSTANT_CONVERSION = YES;
				CLANG_WARN_DEPRECATED_OBJC_IMPLEMENTATIONS = YES;
				CLANG_WARN_DIRECT_OBJC_ISA_USAGE = YES_ERROR;
				CLANG_WARN_DOCUMENTATION_COMMENTS = YES;
				CLANG_WARN_EMPTY_BODY = YES;
				CLANG_WARN_ENUM_CONVERSION = YES;
				CLANG_WARN_INFINITE_RECURSION = YES;
				CLANG_WARN_INT_CONVERSION = YES;
				CLANG_WARN_NON_LITERAL_NULL_CONVERSION = YES;
				CLANG_WARN_OBJC_IMPLICIT_RETAIN_SELF = YES;
				CLANG_WARN_OBJC_LITERAL_CONVERSION = YES;
				CLANG_WARN_OBJC_ROOT_CLASS = YES_ERROR;
				CLANG_WARN_QUOTED_INCLUDE_IN_FRAMEWORK_HEADER = YES;
				CLANG_WARN_RANGE_LOOP_ANALYSIS = YES;
				CLANG_WARN_STRICT_PROTOTYPES = YES;
				CLANG_WARN_SUSPICIOUS_MOVE = YES;
				CLANG_WARN_UNGUARDED_AVAILABILITY = YES_AGGRESSIVE;
				CLANG_WARN_UNREACHABLE_CODE = YES;
				CLANG_WARN__DUPLICATE_METHOD_MATCH = YES;
				COPY_PHASE_STRIP = NO;
				DEBUG_INFORMATION_FORMAT = "dwarf-with-dsym";
				ENABLE_NS_ASSERTIONS = NO;
				ENABLE_STRICT_OBJC_MSGSEND = YES;
				GCC_C_LANGUAGE_STANDARD = gnu11;
				GCC_NO_COMMON_BLOCKS = YES;
				GCC_WARN_64_TO_32_BIT_CONVERSION = YES;
				GCC_WARN_ABOUT_RETURN_TYPE = YES_ERROR;
				GCC_WARN_UNDECLARED_SELECTOR = YES;
				GCC_WARN_UNINITIALIZED_AUTOS = YES_AGGRESSIVE;
				GCC_WARN_UNUSED_FUNCTION = YES;
				GCC_WARN_UNUSED_VARIABLE = YES;
				IPHONEOS_DEPLOYMENT_TARGET = 16.0;
				MTL_ENABLE_DEBUG_INFO = NO;
				MTL_FAST_MATH = YES;
				SDKROOT = iphoneos;
				SWIFT_COMPILATION_MODE = wholemodule;
				SWIFT_OPTIMIZATION_LEVEL = "-O";
				VALIDATE_PRODUCT = YES;
			};
			name = Release;
		};
		7709570F290AB74F0030408D /* Debug */ = {
			isa = XCBuildConfiguration;
			buildSettings = {
				ASSETCATALOG_COMPILER_APPICON_NAME = AppIcon;
				ASSETCATALOG_COMPILER_GLOBAL_ACCENT_COLOR_NAME = AccentColor;
				CODE_SIGN_STYLE = Automatic;
				CURRENT_PROJECT_VERSION = 1;
				DEVELOPMENT_ASSET_PATHS = "\"Sec7-4_ListSwipeAction/Preview Content\"";
				DEVELOPMENT_TEAM = Z4ZXQK8YTS;
				ENABLE_PREVIEWS = YES;
				GENERATE_INFOPLIST_FILE = YES;
				INFOPLIST_KEY_UIApplicationSceneManifest_Generation = YES;
				INFOPLIST_KEY_UIApplicationSupportsIndirectInputEvents = YES;
				INFOPLIST_KEY_UILaunchScreen_Generation = YES;
				INFOPLIST_KEY_UISupportedInterfaceOrientations_iPad = "UIInterfaceOrientationPortrait UIInterfaceOrientationPortraitUpsideDown UIInterfaceOrientationLandscapeLeft UIInterfaceOrientationLandscapeRight";
				INFOPLIST_KEY_UISupportedInterfaceOrientations_iPhone = "UIInterfaceOrientationPortrait UIInterfaceOrientationLandscapeLeft UIInterfaceOrientationLandscapeRight";
				LD_RUNPATH_SEARCH_PATHS = (
					"$(inherited)",
					"@executable_path/Frameworks",
				);
				MARKETING_VERSION = 1.0;
				PRODUCT_BUNDLE_IDENTIFIER = "com.kato.dev.Sec7-4-ListSwipeAction";
				PRODUCT_NAME = "$(TARGET_NAME)";
				SWIFT_EMIT_LOC_STRINGS = YES;
				SWIFT_VERSION = 5.0;
				TARGETED_DEVICE_FAMILY = "1,2";
			};
			name = Debug;
		};
		77095710290AB74F0030408D /* Release */ = {
			isa = XCBuildConfiguration;
			buildSettings = {
				ASSETCATALOG_COMPILER_APPICON_NAME = AppIcon;
				ASSETCATALOG_COMPILER_GLOBAL_ACCENT_COLOR_NAME = AccentColor;
				CODE_SIGN_STYLE = Automatic;
				CURRENT_PROJECT_VERSION = 1;
				DEVELOPMENT_ASSET_PATHS = "\"Sec7-4_ListSwipeAction/Preview Content\"";
				DEVELOPMENT_TEAM = Z4ZXQK8YTS;
				ENABLE_PREVIEWS = YES;
				GENERATE_INFOPLIST_FILE = YES;
				INFOPLIST_KEY_UIApplicationSceneManifest_Generation = YES;
				INFOPLIST_KEY_UIApplicationSupportsIndirectInputEvents = YES;
				INFOPLIST_KEY_UILaunchScreen_Generation = YES;
				INFOPLIST_KEY_UISupportedInterfaceOrientations_iPad = "UIInterfaceOrientationPortrait UIInterfaceOrientationPortraitUpsideDown UIInterfaceOrientationLandscapeLeft UIInterfaceOrientationLandscapeRight";
				INFOPLIST_KEY_UISupportedInterfaceOrientations_iPhone = "UIInterfaceOrientationPortrait UIInterfaceOrientationLandscapeLeft UIInterfaceOrientationLandscapeRight";
				LD_RUNPATH_SEARCH_PATHS = (
					"$(inherited)",
					"@executable_path/Frameworks",
				);
				MARKETING_VERSION = 1.0;
				PRODUCT_BUNDLE_IDENTIFIER = "com.kato.dev.Sec7-4-ListSwipeAction";
				PRODUCT_NAME = "$(TARGET_NAME)";
				SWIFT_EMIT_LOC_STRINGS = YES;
				SWIFT_VERSION = 5.0;
				TARGETED_DEVICE_FAMILY = "1,2";
			};
			name = Release;
		};
/* End XCBuildConfiguration section */

/* Begin XCConfigurationList section */
		770956FB290AB7400030408D /* Build configuration list for PBXProject "Sec7-4_ListSwipeAction" */ = {
			isa = XCConfigurationList;
			buildConfigurations = (
				7709570C290AB74F0030408D /* Debug */,
				7709570D290AB74F0030408D /* Release */,
			);
			defaultConfigurationIsVisible = 0;
			defaultConfigurationName = Release;
		};
		7709570E290AB74F0030408D /* Build configuration list for PBXNativeTarget "Sec7-4_ListSwipeAction" */ = {
			isa = XCConfigurationList;
			buildConfigurations = (
				7709570F290AB74F0030408D /* Debug */,
				77095710290AB74F0030408D /* Release */,
			);
			defaultConfigurationIsVisible = 0;
			defaultConfigurationName = Release;
		};
/* End XCConfigurationList section */
	};
	rootObject = 770956F8290AB7400030408D /* Project object */;
}
