// !$*UTF8*$!
{
	archiveVersion = 1;
	classes = {
	};
	objectVersion = 56;
	objects = {

/* Begin PBXBuildFile section */
		774D4168290820EA0043C5EA /* presentationModeSample.swift in Sources */ = {isa = PBXBuildFile; fileRef = 774D4167290820EA0043C5EA /* presentationModeSample.swift */; };
		77A689D52906B3B800B4BFFC /* Sec7_2_SheetDismissButtonApp.swift in Sources */ = {isa = PBXBuildFile; fileRef = 77A689D42906B3B800B4BFFC /* Sec7_2_SheetDismissButtonApp.swift */; };
		77A689D72906B3B800B4BFFC /* ContentView.swift in Sources */ = {isa = PBXBuildFile; fileRef = 77A689D62906B3B800B4BFFC /* ContentView.swift */; };
		77A689D92906B3C900B4BFFC /* Assets.xcassets in Resources */ = {isa = PBXBuildFile; fileRef = 77A689D82906B3C900B4BFFC /* Assets.xcassets */; };
		77A689DC2906B3C900B4BFFC /* Preview Assets.xcassets in Resources */ = {isa = PBXBuildFile; fileRef = 77A689DB2906B3C900B4BFFC /* Preview Assets.xcassets */; };
		77A689E32906C05B00B4BFFC /* fullScreenCoverSample.swift in Sources */ = {isa = PBXBuildFile; fileRef = 77A689E22906C05B00B4BFFC /* fullScreenCoverSample.swift */; };
/* End PBXBuildFile section */

/* Begin PBXFileReference section */
		774D4167290820EA0043C5EA /* presentationModeSample.swift */ = {isa = PBXFileReference; lastKnownFileType = sourcecode.swift; path = presentationModeSample.swift; sourceTree = "<group>"; };
		77A689D12906B3B800B4BFFC /* Sec7-2_SheetDismissButton.app */ = {isa = PBXFileReference; explicitFileType = wrapper.application; includeInIndex = 0; path = "Sec7-2_SheetDismissButton.app"; sourceTree = BUILT_PRODUCTS_DIR; };
		77A689D42906B3B800B4BFFC /* Sec7_2_SheetDismissButtonApp.swift */ = {isa = PBXFileReference; lastKnownFileType = sourcecode.swift; path = Sec7_2_SheetDismissButtonApp.swift; sourceTree = "<group>"; };
		77A689D62906B3B800B4BFFC /* ContentView.swift */ = {isa = PBXFileReference; lastKnownFileType = sourcecode.swift; path = ContentView.swift; sourceTree = "<group>"; };
		77A689D82906B3C900B4BFFC /* Assets.xcassets */ = {isa = PBXFileReference; lastKnownFileType = folder.assetcatalog; path = Assets.xcassets; sourceTree = "<group>"; };
		77A689DB2906B3C900B4BFFC /* Preview Assets.xcassets */ = {isa = PBXFileReference; lastKnownFileType = folder.assetcatalog; path = "Preview Assets.xcassets"; sourceTree = "<group>"; };
		77A689E22906C05B00B4BFFC /* fullScreenCoverSample.swift */ = {isa = PBXFileReference; lastKnownFileType = sourcecode.swift; path = fullScreenCoverSample.swift; sourceTree = "<group>"; };
/* End PBXFileReference section */

/* Begin PBXFrameworksBuildPhase section */
		77A689CE2906B3B800B4BFFC /* Frameworks */ = {
			isa = PBXFrameworksBuildPhase;
			buildActionMask = 2147483647;
			files = (
			);
			runOnlyForDeploymentPostprocessing = 0;
		};
/* End PBXFrameworksBuildPhase section */

/* Begin PBXGroup section */
		77A689C82906B3B800B4BFFC = {
			isa = PBXGroup;
			children = (
				77A689D32906B3B800B4BFFC /* Sec7-2_SheetDismissButton */,
				77A689D22906B3B800B4BFFC /* Products */,
			);
			sourceTree = "<group>";
		};
		77A689D22906B3B800B4BFFC /* Products */ = {
			isa = PBXGroup;
			children = (
				77A689D12906B3B800B4BFFC /* Sec7-2_SheetDismissButton.app */,
			);
			name = Products;
			sourceTree = "<group>";
		};
		77A689D32906B3B800B4BFFC /* Sec7-2_SheetDismissButton */ = {
			isa = PBXGroup;
			children = (
				77A689D42906B3B800B4BFFC /* Sec7_2_SheetDismissButtonApp.swift */,
				77A689D62906B3B800B4BFFC /* ContentView.swift */,
				77A689E22906C05B00B4BFFC /* fullScreenCoverSample.swift */,
				774D4167290820EA0043C5EA /* presentationModeSample.swift */,
				77A689D82906B3C900B4BFFC /* Assets.xcassets */,
				77A689DA2906B3C900B4BFFC /* Preview Content */,
			);
			path = "Sec7-2_SheetDismissButton";
			sourceTree = "<group>";
		};
		77A689DA2906B3C900B4BFFC /* Preview Content */ = {
			isa = PBXGroup;
			children = (
				77A689DB2906B3C900B4BFFC /* Preview Assets.xcassets */,
			);
			path = "Preview Content";
			sourceTree = "<group>";
		};
/* End PBXGroup section */

/* Begin PBXNativeTarget section */
		77A689D02906B3B800B4BFFC /* Sec7-2_SheetDismissButton */ = {
			isa = PBXNativeTarget;
			buildConfigurationList = 77A689DF2906B3C900B4BFFC /* Build configuration list for PBXNativeTarget "Sec7-2_SheetDismissButton" */;
			buildPhases = (
				77A689CD2906B3B800B4BFFC /* Sources */,
				77A689CE2906B3B800B4BFFC /* Frameworks */,
				77A689CF2906B3B800B4BFFC /* Resources */,
			);
			buildRules = (
			);
			dependencies = (
			);
			name = "Sec7-2_SheetDismissButton";
			productName = "Sec7-2_SheetDismissButton";
			productReference = 77A689D12906B3B800B4BFFC /* Sec7-2_SheetDismissButton.app */;
			productType = "com.apple.product-type.application";
		};
/* End PBXNativeTarget section */

/* Begin PBXProject section */
		77A689C92906B3B800B4BFFC /* Project object */ = {
			isa = PBXProject;
			attributes = {
				BuildIndependentTargetsInParallel = 1;
				LastSwiftUpdateCheck = 1400;
				LastUpgradeCheck = 1400;
				TargetAttributes = {
					77A689D02906B3B800B4BFFC = {
						CreatedOnToolsVersion = 14.0.1;
					};
				};
			};
			buildConfigurationList = 77A689CC2906B3B800B4BFFC /* Build configuration list for PBXProject "Sec7-2_SheetDismissButton" */;
			compatibilityVersion = "Xcode 14.0";
			developmentRegion = en;
			hasScannedForEncodings = 0;
			knownRegions = (
				en,
				Base,
			);
			mainGroup = 77A689C82906B3B800B4BFFC;
			productRefGroup = 77A689D22906B3B800B4BFFC /* Products */;
			projectDirPath = "";
			projectRoot = "";
			targets = (
				77A689D02906B3B800B4BFFC /* Sec7-2_SheetDismissButton */,
			);
		};
/* End PBXProject section */

/* Begin PBXResourcesBuildPhase section */
		77A689CF2906B3B800B4BFFC /* Resources */ = {
			isa = PBXResourcesBuildPhase;
			buildActionMask = 2147483647;
			files = (
				77A689DC2906B3C900B4BFFC /* Preview Assets.xcassets in Resources */,
				77A689D92906B3C900B4BFFC /* Assets.xcassets in Resources */,
			);
			runOnlyForDeploymentPostprocessing = 0;
		};
/* End PBXResourcesBuildPhase section */

/* Begin PBXSourcesBuildPhase section */
		77A689CD2906B3B800B4BFFC /* Sources */ = {
			isa = PBXSourcesBuildPhase;
			buildActionMask = 2147483647;
			files = (
				77A689E32906C05B00B4BFFC /* fullScreenCoverSample.swift in Sources */,
				77A689D72906B3B800B4BFFC /* ContentView.swift in Sources */,
				774D4168290820EA0043C5EA /* presentationModeSample.swift in Sources */,
				77A689D52906B3B800B4BFFC /* Sec7_2_SheetDismissButtonApp.swift in Sources */,
			);
			runOnlyForDeploymentPostprocessing = 0;
		};
/* End PBXSourcesBuildPhase section */

/* Begin XCBuildConfiguration section */
		77A689DD2906B3C900B4BFFC /* Debug */ = {
			isa = XCBuildConfiguration;
			buildSettings = {
				ALWAYS_SEARCH_USER_PATHS = NO;
				CLANG_ANALYZER_NONNULL = YES;
				CLANG_ANALYZER_NUMBER_OBJECT_CONVERSION = YES_AGGRESSIVE;
				CLANG_CXX_LANGUAGE_STANDARD = "gnu++20";
				CLANG_ENABLE_MODULES = YES;
				CLANG_ENABLE_OBJC_ARC = YES;
				CLANG_ENABLE_OBJC_WEAK = YES;
				CLANG_WARN_BLOCK_CAPTURE_AUTORELEASING = YES;
				CLANG_WARN_BOOL_CONVERSION = YES;
				CLANG_WARN_COMMA = YES;
				CLANG_WARN_CONSTANT_CONVERSION = YES;
				CLANG_WARN_DEPRECATED_OBJC_IMPLEMENTATIONS = YES;
				CLANG_WARN_DIRECT_OBJC_ISA_USAGE = YES_ERROR;
				CLANG_WARN_DOCUMENTATION_COMMENTS = YES;
				CLANG_WARN_EMPTY_BODY = YES;
				CLANG_WARN_ENUM_CONVERSION = YES;
				CLANG_WARN_INFINITE_RECURSION = YES;
				CLANG_WARN_INT_CONVERSION = YES;
				CLANG_WARN_NON_LITERAL_NULL_CONVERSION = YES;
				CLANG_WARN_OBJC_IMPLICIT_RETAIN_SELF = YES;
				CLANG_WARN_OBJC_LITERAL_CONVERSION = YES;
				CLANG_WARN_OBJC_ROOT_CLASS = YES_ERROR;
				CLANG_WARN_QUOTED_INCLUDE_IN_FRAMEWORK_HEADER = YES;
				CLANG_WARN_RANGE_LOOP_ANALYSIS = YES;
				CLANG_WARN_STRICT_PROTOTYPES = YES;
				CLANG_WARN_SUSPICIOUS_MOVE = YES;
				CLANG_WARN_UNGUARDED_AVAILABILITY = YES_AGGRESSIVE;
				CLANG_WARN_UNREACHABLE_CODE = YES;
				CLANG_WARN__DUPLICATE_METHOD_MATCH = YES;
				COPY_PHASE_STRIP = NO;
				DEBUG_INFORMATION_FORMAT = dwarf;
				ENABLE_STRICT_OBJC_MSGSEND = YES;
				ENABLE_TESTABILITY = YES;
				GCC_C_LANGUAGE_STANDARD = gnu11;
				GCC_DYNAMIC_NO_PIC = NO;
				GCC_NO_COMMON_BLOCKS = YES;
				GCC_OPTIMIZATION_LEVEL = 0;
				GCC_PREPROCESSOR_DEFINITIONS = (
					"DEBUG=1",
					"$(inherited)",
				);
				GCC_WARN_64_TO_32_BIT_CONVERSION = YES;
				GCC_WARN_ABOUT_RETURN_TYPE = YES_ERROR;
				GCC_WARN_UNDECLARED_SELECTOR = YES;
				GCC_WARN_UNINITIALIZED_AUTOS = YES_AGGRESSIVE;
				GCC_WARN_UNUSED_FUNCTION = YES;
				GCC_WARN_UNUSED_VARIABLE = YES;
				IPHONEOS_DEPLOYMENT_TARGET = 16.0;
				MTL_ENABLE_DEBUG_INFO = INCLUDE_SOURCE;
				MTL_FAST_MATH = YES;
				ONLY_ACTIVE_ARCH = YES;
				SDKROOT = iphoneos;
				SWIFT_ACTIVE_COMPILATION_CONDITIONS = DEBUG;
				SWIFT_OPTIMIZATION_LEVEL = "-Onone";
			};
			name = Debug;
		};
		77A689DE2906B3C900B4BFFC /* Release */ = {
			isa = XCBuildConfiguration;
			buildSettings = {
				ALWAYS_SEARCH_USER_PATHS = NO;
				CLANG_ANALYZER_NONNULL = YES;
				CLANG_ANALYZER_NUMBER_OBJECT_CONVERSION = YES_AGGRESSIVE;
				CLANG_CXX_LANGUAGE_STANDARD = "gnu++20";
				CLANG_ENABLE_MODULES = YES;
				CLANG_ENABLE_OBJC_ARC = YES;
				CLANG_ENABLE_OBJC_WEAK = YES;
				CLANG_WARN_BLOCK_CAPTURE_AUTORELEASING = YES;
				CLANG_WARN_BOOL_CONVERSION = YES;
				CLANG_WARN_COMMA = YES;
				CLANG_WARN_CONSTANT_CONVERSION = YES;
				CLANG_WARN_DEPRECATED_OBJC_IMPLEMENTATIONS = YES;
				CLANG_WARN_DIRECT_OBJC_ISA_USAGE = YES_ERROR;
				CLANG_WARN_DOCUMENTATION_COMMENTS = YES;
				CLANG_WARN_EMPTY_BODY = YES;
				CLANG_WARN_ENUM_CONVERSION = YES;
				CLANG_WARN_INFINITE_RECURSION = YES;
				CLANG_WARN_INT_CONVERSION = YES;
				CLANG_WARN_NON_LITERAL_NULL_CONVERSION = YES;
				CLANG_WARN_OBJC_IMPLICIT_RETAIN_SELF = YES;
				CLANG_WARN_OBJC_LITERAL_CONVERSION = YES;
				CLANG_WARN_OBJC_ROOT_CLASS = YES_ERROR;
				CLANG_WARN_QUOTED_INCLUDE_IN_FRAMEWORK_HEADER = YES;
				CLANG_WARN_RANGE_LOOP_ANALYSIS = YES;
				CLANG_WARN_STRICT_PROTOTYPES = YES;
				CLANG_WARN_SUSPICIOUS_MOVE = YES;
				CLANG_WARN_UNGUARDED_AVAILABILITY = YES_AGGRESSIVE;
				CLANG_WARN_UNREACHABLE_CODE = YES;
				CLANG_WARN__DUPLICATE_METHOD_MATCH = YES;
				COPY_PHASE_STRIP = NO;
				DEBUG_INFORMATION_FORMAT = "dwarf-with-dsym";
				ENABLE_NS_ASSERTIONS = NO;
				ENABLE_STRICT_OBJC_MSGSEND = YES;
				GCC_C_LANGUAGE_STANDARD = gnu11;
				GCC_NO_COMMON_BLOCKS = YES;
				GCC_WARN_64_TO_32_BIT_CONVERSION = YES;
				GCC_WARN_ABOUT_RETURN_TYPE = YES_ERROR;
				GCC_WARN_UNDECLARED_SELECTOR = YES;
				GCC_WARN_UNINITIALIZED_AUTOS = YES_AGGRESSIVE;
				GCC_WARN_UNUSED_FUNCTION = YES;
				GCC_WARN_UNUSED_VARIABLE = YES;
				IPHONEOS_DEPLOYMENT_TARGET = 16.0;
				MTL_ENABLE_DEBUG_INFO = NO;
				MTL_FAST_MATH = YES;
				SDKROOT = iphoneos;
				SWIFT_COMPILATION_MODE = wholemodule;
				SWIFT_OPTIMIZATION_LEVEL = "-O";
				VALIDATE_PRODUCT = YES;
			};
			name = Release;
		};
		77A689E02906B3C900B4BFFC /* Debug */ = {
			isa = XCBuildConfiguration;
			buildSettings = {
				ASSETCATALOG_COMPILER_APPICON_NAME = AppIcon;
				ASSETCATALOG_COMPILER_GLOBAL_ACCENT_COLOR_NAME = AccentColor;
				CODE_SIGN_STYLE = Automatic;
				CURRENT_PROJECT_VERSION = 1;
				DEVELOPMENT_ASSET_PATHS = "\"Sec7-2_SheetDismissButton/Preview Content\"";
				DEVELOPMENT_TEAM = Z4ZXQK8YTS;
				ENABLE_PREVIEWS = YES;
				GENERATE_INFOPLIST_FILE = YES;
				INFOPLIST_KEY_UIApplicationSceneManifest_Generation = YES;
				INFOPLIST_KEY_UIApplicationSupportsIndirectInputEvents = YES;
				INFOPLIST_KEY_UILaunchScreen_Generation = YES;
				INFOPLIST_KEY_UISupportedInterfaceOrientations_iPad = "UIInterfaceOrientationPortrait UIInterfaceOrientationPortraitUpsideDown UIInterfaceOrientationLandscapeLeft UIInterfaceOrientationLandscapeRight";
				INFOPLIST_KEY_UISupportedInterfaceOrientations_iPhone = "UIInterfaceOrientationPortrait UIInterfaceOrientationLandscapeLeft UIInterfaceOrientationLandscapeRight";
				LD_RUNPATH_SEARCH_PATHS = (
					"$(inherited)",
					"@executable_path/Frameworks",
				);
				MARKETING_VERSION = 1.0;
				PRODUCT_BUNDLE_IDENTIFIER = "com.kato.dev.Sec7-2-SheetDismissButton";
				PRODUCT_NAME = "$(TARGET_NAME)";
				SWIFT_EMIT_LOC_STRINGS = YES;
				SWIFT_VERSION = 5.0;
				TARGETED_DEVICE_FAMILY = "1,2";
			};
			name = Debug;
		};
		77A689E12906B3C900B4BFFC /* Release */ = {
			isa = XCBuildConfiguration;
			buildSettings = {
				ASSETCATALOG_COMPILER_APPICON_NAME = AppIcon;
				ASSETCATALOG_COMPILER_GLOBAL_ACCENT_COLOR_NAME = AccentColor;
				CODE_SIGN_STYLE = Automatic;
				CURRENT_PROJECT_VERSION = 1;
				DEVELOPMENT_ASSET_PATHS = "\"Sec7-2_SheetDismissButton/Preview Content\"";
				DEVELOPMENT_TEAM = Z4ZXQK8YTS;
				ENABLE_PREVIEWS = YES;
				GENERATE_INFOPLIST_FILE = YES;
				INFOPLIST_KEY_UIApplicationSceneManifest_Generation = YES;
				INFOPLIST_KEY_UIApplicationSupportsIndirectInputEvents = YES;
				INFOPLIST_KEY_UILaunchScreen_Generation = YES;
				INFOPLIST_KEY_UISupportedInterfaceOrientations_iPad = "UIInterfaceOrientationPortrait UIInterfaceOrientationPortraitUpsideDown UIInterfaceOrientationLandscapeLeft UIInterfaceOrientationLandscapeRight";
				INFOPLIST_KEY_UISupportedInterfaceOrientations_iPhone = "UIInterfaceOrientationPortrait UIInterfaceOrientationLandscapeLeft UIInterfaceOrientationLandscapeRight";
				LD_RUNPATH_SEARCH_PATHS = (
					"$(inherited)",
					"@executable_path/Frameworks",
				);
				MARKETING_VERSION = 1.0;
				PRODUCT_BUNDLE_IDENTIFIER = "com.kato.dev.Sec7-2-SheetDismissButton";
				PRODUCT_NAME = "$(TARGET_NAME)";
				SWIFT_EMIT_LOC_STRINGS = YES;
				SWIFT_VERSION = 5.0;
				TARGETED_DEVICE_FAMILY = "1,2";
			};
			name = Release;
		};
/* End XCBuildConfiguration section */

/* Begin XCConfigurationList section */
		77A689CC2906B3B800B4BFFC /* Build configuration list for PBXProject "Sec7-2_SheetDismissButton" */ = {
			isa = XCConfigurationList;
			buildConfigurations = (
				77A689DD2906B3C900B4BFFC /* Debug */,
				77A689DE2906B3C900B4BFFC /* Release */,
			);
			defaultConfigurationIsVisible = 0;
			defaultConfigurationName = Release;
		};
		77A689DF2906B3C900B4BFFC /* Build configuration list for PBXNativeTarget "Sec7-2_SheetDismissButton" */ = {
			isa = XCConfigurationList;
			buildConfigurations = (
				77A689E02906B3C900B4BFFC /* Debug */,
				77A689E12906B3C900B4BFFC /* Release */,
			);
			defaultConfigurationIsVisible = 0;
			defaultConfigurationName = Release;
		};
/* End XCConfigurationList section */
	};
	rootObject = 77A689C92906B3B800B4BFFC /* Project object */;
}
