// !$*UTF8*$!
{
	archiveVersion = 1;
	classes = {
	};
	objectVersion = 56;
	objects = {

/* Begin PBXBuildFile section */
		775F4D85290578DE004188A4 /* Sec7_1_BindinglsCheckedApp.swift in Sources */ = {isa = PBXBuildFile; fileRef = 775F4D84290578DE004188A4 /* Sec7_1_BindinglsCheckedApp.swift */; };
		775F4D87290578DE004188A4 /* ContentView.swift in Sources */ = {isa = PBXBuildFile; fileRef = 775F4D86290578DE004188A4 /* ContentView.swift */; };
		775F4D89290578F8004188A4 /* Assets.xcassets in Resources */ = {isa = PBXBuildFile; fileRef = 775F4D88290578F8004188A4 /* Assets.xcassets */; };
		775F4D8C290578F8004188A4 /* Preview Assets.xcassets in Resources */ = {isa = PBXBuildFile; fileRef = 775F4D8B290578F8004188A4 /* Preview Assets.xcassets */; };
		775F4D9329057B9D004188A4 /* PersonCheckMark.swift in Sources */ = {isa = PBXBuildFile; fileRef = 775F4D9229057B9D004188A4 /* PersonCheckMark.swift */; };
		775F4D9529057E18004188A4 /* BindinglsChecked2.swift in Sources */ = {isa = PBXBuildFile; fileRef = 775F4D9429057E18004188A4 /* BindinglsChecked2.swift */; };
/* End PBXBuildFile section */

/* Begin PBXFileReference section */
		775F4D81290578DE004188A4 /* Sec7-1_BindinglsChecked.app */ = {isa = PBXFileReference; explicitFileType = wrapper.application; includeInIndex = 0; path = "Sec7-1_BindinglsChecked.app"; sourceTree = BUILT_PRODUCTS_DIR; };
		775F4D84290578DE004188A4 /* Sec7_1_BindinglsCheckedApp.swift */ = {isa = PBXFileReference; lastKnownFileType = sourcecode.swift; path = Sec7_1_BindinglsCheckedApp.swift; sourceTree = "<group>"; };
		775F4D86290578DE004188A4 /* ContentView.swift */ = {isa = PBXFileReference; lastKnownFileType = sourcecode.swift; path = ContentView.swift; sourceTree = "<group>"; };
		775F4D88290578F8004188A4 /* Assets.xcassets */ = {isa = PBXFileReference; lastKnownFileType = folder.assetcatalog; path = Assets.xcassets; sourceTree = "<group>"; };
		775F4D8B290578F8004188A4 /* Preview Assets.xcassets */ = {isa = PBXFileReference; lastKnownFileType = folder.assetcatalog; path = "Preview Assets.xcassets"; sourceTree = "<group>"; };
		775F4D9229057B9D004188A4 /* PersonCheckMark.swift */ = {isa = PBXFileReference; lastKnownFileType = sourcecode.swift; path = PersonCheckMark.swift; sourceTree = "<group>"; };
		775F4D9429057E18004188A4 /* BindinglsChecked2.swift */ = {isa = PBXFileReference; lastKnownFileType = sourcecode.swift; path = BindinglsChecked2.swift; sourceTree = "<group>"; };
/* End PBXFileReference section */

/* Begin PBXFrameworksBuildPhase section */
		775F4D7E290578DE004188A4 /* Frameworks */ = {
			isa = PBXFrameworksBuildPhase;
			buildActionMask = 2147483647;
			files = (
			);
			runOnlyForDeploymentPostprocessing = 0;
		};
/* End PBXFrameworksBuildPhase section */

/* Begin PBXGroup section */
		775F4D78290578DE004188A4 = {
			isa = PBXGroup;
			children = (
				775F4D83290578DE004188A4 /* Sec7-1_BindinglsChecked */,
				775F4D82290578DE004188A4 /* Products */,
			);
			sourceTree = "<group>";
		};
		775F4D82290578DE004188A4 /* Products */ = {
			isa = PBXGroup;
			children = (
				775F4D81290578DE004188A4 /* Sec7-1_BindinglsChecked.app */,
			);
			name = Products;
			sourceTree = "<group>";
		};
		775F4D83290578DE004188A4 /* Sec7-1_BindinglsChecked */ = {
			isa = PBXGroup;
			children = (
				775F4D84290578DE004188A4 /* Sec7_1_BindinglsCheckedApp.swift */,
				775F4D86290578DE004188A4 /* ContentView.swift */,
				775F4D9229057B9D004188A4 /* PersonCheckMark.swift */,
				775F4D9429057E18004188A4 /* BindinglsChecked2.swift */,
				775F4D88290578F8004188A4 /* Assets.xcassets */,
				775F4D8A290578F8004188A4 /* Preview Content */,
			);
			path = "Sec7-1_BindinglsChecked";
			sourceTree = "<group>";
		};
		775F4D8A290578F8004188A4 /* Preview Content */ = {
			isa = PBXGroup;
			children = (
				775F4D8B290578F8004188A4 /* Preview Assets.xcassets */,
			);
			path = "Preview Content";
			sourceTree = "<group>";
		};
/* End PBXGroup section */

/* Begin PBXNativeTarget section */
		775F4D80290578DE004188A4 /* Sec7-1_BindinglsChecked */ = {
			isa = PBXNativeTarget;
			buildConfigurationList = 775F4D8F290578F8004188A4 /* Build configuration list for PBXNativeTarget "Sec7-1_BindinglsChecked" */;
			buildPhases = (
				775F4D7D290578DE004188A4 /* Sources */,
				775F4D7E290578DE004188A4 /* Frameworks */,
				775F4D7F290578DE004188A4 /* Resources */,
			);
			buildRules = (
			);
			dependencies = (
			);
			name = "Sec7-1_BindinglsChecked";
			productName = "Sec7-1_BindinglsChecked";
			productReference = 775F4D81290578DE004188A4 /* Sec7-1_BindinglsChecked.app */;
			productType = "com.apple.product-type.application";
		};
/* End PBXNativeTarget section */

/* Begin PBXProject section */
		775F4D79290578DE004188A4 /* Project object */ = {
			isa = PBXProject;
			attributes = {
				BuildIndependentTargetsInParallel = 1;
				LastSwiftUpdateCheck = 1400;
				LastUpgradeCheck = 1400;
				TargetAttributes = {
					775F4D80290578DE004188A4 = {
						CreatedOnToolsVersion = 14.0.1;
					};
				};
			};
			buildConfigurationList = 775F4D7C290578DE004188A4 /* Build configuration list for PBXProject "Sec7-1_BindinglsChecked" */;
			compatibilityVersion = "Xcode 14.0";
			developmentRegion = en;
			hasScannedForEncodings = 0;
			knownRegions = (
				en,
				Base,
			);
			mainGroup = 775F4D78290578DE004188A4;
			productRefGroup = 775F4D82290578DE004188A4 /* Products */;
			projectDirPath = "";
			projectRoot = "";
			targets = (
				775F4D80290578DE004188A4 /* Sec7-1_BindinglsChecked */,
			);
		};
/* End PBXProject section */

/* Begin PBXResourcesBuildPhase section */
		775F4D7F290578DE004188A4 /* Resources */ = {
			isa = PBXResourcesBuildPhase;
			buildActionMask = 2147483647;
			files = (
				775F4D8C290578F8004188A4 /* Preview Assets.xcassets in Resources */,
				775F4D89290578F8004188A4 /* Assets.xcassets in Resources */,
			);
			runOnlyForDeploymentPostprocessing = 0;
		};
/* End PBXResourcesBuildPhase section */

/* Begin PBXSourcesBuildPhase section */
		775F4D7D290578DE004188A4 /* Sources */ = {
			isa = PBXSourcesBuildPhase;
			buildActionMask = 2147483647;
			files = (
				775F4D9329057B9D004188A4 /* PersonCheckMark.swift in Sources */,
				775F4D9529057E18004188A4 /* BindinglsChecked2.swift in Sources */,
				775F4D87290578DE004188A4 /* ContentView.swift in Sources */,
				775F4D85290578DE004188A4 /* Sec7_1_BindinglsCheckedApp.swift in Sources */,
			);
			runOnlyForDeploymentPostprocessing = 0;
		};
/* End PBXSourcesBuildPhase section */

/* Begin XCBuildConfiguration section */
		775F4D8D290578F8004188A4 /* Debug */ = {
			isa = XCBuildConfiguration;
			buildSettings = {
				ALWAYS_SEARCH_USER_PATHS = NO;
				CLANG_ANALYZER_NONNULL = YES;
				CLANG_ANALYZER_NUMBER_OBJECT_CONVERSION = YES_AGGRESSIVE;
				CLANG_CXX_LANGUAGE_STANDARD = "gnu++20";
				CLANG_ENABLE_MODULES = YES;
				CLANG_ENABLE_OBJC_ARC = YES;
				CLANG_ENABLE_OBJC_WEAK = YES;
				CLANG_WARN_BLOCK_CAPTURE_AUTORELEASING = YES;
				CLANG_WARN_BOOL_CONVERSION = YES;
				CLANG_WARN_COMMA = YES;
				CLANG_WARN_CONSTANT_CONVERSION = YES;
				CLANG_WARN_DEPRECATED_OBJC_IMPLEMENTATIONS = YES;
				CLANG_WARN_DIRECT_OBJC_ISA_USAGE = YES_ERROR;
				CLANG_WARN_DOCUMENTATION_COMMENTS = YES;
				CLANG_WARN_EMPTY_BODY = YES;
				CLANG_WARN_ENUM_CONVERSION = YES;
				CLANG_WARN_INFINITE_RECURSION = YES;
				CLANG_WARN_INT_CONVERSION = YES;
				CLANG_WARN_NON_LITERAL_NULL_CONVERSION = YES;
				CLANG_WARN_OBJC_IMPLICIT_RETAIN_SELF = YES;
				CLANG_WARN_OBJC_LITERAL_CONVERSION = YES;
				CLANG_WARN_OBJC_ROOT_CLASS = YES_ERROR;
				CLANG_WARN_QUOTED_INCLUDE_IN_FRAMEWORK_HEADER = YES;
				CLANG_WARN_RANGE_LOOP_ANALYSIS = YES;
				CLANG_WARN_STRICT_PROTOTYPES = YES;
				CLANG_WARN_SUSPICIOUS_MOVE = YES;
				CLANG_WARN_UNGUARDED_AVAILABILITY = YES_AGGRESSIVE;
				CLANG_WARN_UNREACHABLE_CODE = YES;
				CLANG_WARN__DUPLICATE_METHOD_MATCH = YES;
				COPY_PHASE_STRIP = NO;
				DEBUG_INFORMATION_FORMAT = dwarf;
				ENABLE_STRICT_OBJC_MSGSEND = YES;
				ENABLE_TESTABILITY = YES;
				GCC_C_LANGUAGE_STANDARD = gnu11;
				GCC_DYNAMIC_NO_PIC = NO;
				GCC_NO_COMMON_BLOCKS = YES;
				GCC_OPTIMIZATION_LEVEL = 0;
				GCC_PREPROCESSOR_DEFINITIONS = (
					"DEBUG=1",
					"$(inherited)",
				);
				GCC_WARN_64_TO_32_BIT_CONVERSION = YES;
				GCC_WARN_ABOUT_RETURN_TYPE = YES_ERROR;
				GCC_WARN_UNDECLARED_SELECTOR = YES;
				GCC_WARN_UNINITIALIZED_AUTOS = YES_AGGRESSIVE;
				GCC_WARN_UNUSED_FUNCTION = YES;
				GCC_WARN_UNUSED_VARIABLE = YES;
				IPHONEOS_DEPLOYMENT_TARGET = 16.0;
				MTL_ENABLE_DEBUG_INFO = INCLUDE_SOURCE;
				MTL_FAST_MATH = YES;
				ONLY_ACTIVE_ARCH = YES;
				SDKROOT = iphoneos;
				SWIFT_ACTIVE_COMPILATION_CONDITIONS = DEBUG;
				SWIFT_OPTIMIZATION_LEVEL = "-Onone";
			};
			name = Debug;
		};
		775F4D8E290578F8004188A4 /* Release */ = {
			isa = XCBuildConfiguration;
			buildSettings = {
				ALWAYS_SEARCH_USER_PATHS = NO;
				CLANG_ANALYZER_NONNULL = YES;
				CLANG_ANALYZER_NUMBER_OBJECT_CONVERSION = YES_AGGRESSIVE;
				CLANG_CXX_LANGUAGE_STANDARD = "gnu++20";
				CLANG_ENABLE_MODULES = YES;
				CLANG_ENABLE_OBJC_ARC = YES;
				CLANG_ENABLE_OBJC_WEAK = YES;
				CLANG_WARN_BLOCK_CAPTURE_AUTORELEASING = YES;
				CLANG_WARN_BOOL_CONVERSION = YES;
				CLANG_WARN_COMMA = YES;
				CLANG_WARN_CONSTANT_CONVERSION = YES;
				CLANG_WARN_DEPRECATED_OBJC_IMPLEMENTATIONS = YES;
				CLANG_WARN_DIRECT_OBJC_ISA_USAGE = YES_ERROR;
				CLANG_WARN_DOCUMENTATION_COMMENTS = YES;
				CLANG_WARN_EMPTY_BODY = YES;
				CLANG_WARN_ENUM_CONVERSION = YES;
				CLANG_WARN_INFINITE_RECURSION = YES;
				CLANG_WARN_INT_CONVERSION = YES;
				CLANG_WARN_NON_LITERAL_NULL_CONVERSION = YES;
				CLANG_WARN_OBJC_IMPLICIT_RETAIN_SELF = YES;
				CLANG_WARN_OBJC_LITERAL_CONVERSION = YES;
				CLANG_WARN_OBJC_ROOT_CLASS = YES_ERROR;
				CLANG_WARN_QUOTED_INCLUDE_IN_FRAMEWORK_HEADER = YES;
				CLANG_WARN_RANGE_LOOP_ANALYSIS = YES;
				CLANG_WARN_STRICT_PROTOTYPES = YES;
				CLANG_WARN_SUSPICIOUS_MOVE = YES;
				CLANG_WARN_UNGUARDED_AVAILABILITY = YES_AGGRESSIVE;
				CLANG_WARN_UNREACHABLE_CODE = YES;
				CLANG_WARN__DUPLICATE_METHOD_MATCH = YES;
				COPY_PHASE_STRIP = NO;
				DEBUG_INFORMATION_FORMAT = "dwarf-with-dsym";
				ENABLE_NS_ASSERTIONS = NO;
				ENABLE_STRICT_OBJC_MSGSEND = YES;
				GCC_C_LANGUAGE_STANDARD = gnu11;
				GCC_NO_COMMON_BLOCKS = YES;
				GCC_WARN_64_TO_32_BIT_CONVERSION = YES;
				GCC_WARN_ABOUT_RETURN_TYPE = YES_ERROR;
				GCC_WARN_UNDECLARED_SELECTOR = YES;
				GCC_WARN_UNINITIALIZED_AUTOS = YES_AGGRESSIVE;
				GCC_WARN_UNUSED_FUNCTION = YES;
				GCC_WARN_UNUSED_VARIABLE = YES;
				IPHONEOS_DEPLOYMENT_TARGET = 16.0;
				MTL_ENABLE_DEBUG_INFO = NO;
				MTL_FAST_MATH = YES;
				SDKROOT = iphoneos;
				SWIFT_COMPILATION_MODE = wholemodule;
				SWIFT_OPTIMIZATION_LEVEL = "-O";
				VALIDATE_PRODUCT = YES;
			};
			name = Release;
		};
		775F4D90290578F8004188A4 /* Debug */ = {
			isa = XCBuildConfiguration;
			buildSettings = {
				ASSETCATALOG_COMPILER_APPICON_NAME = AppIcon;
				ASSETCATALOG_COMPILER_GLOBAL_ACCENT_COLOR_NAME = AccentColor;
				CODE_SIGN_STYLE = Automatic;
				CURRENT_PROJECT_VERSION = 1;
				DEVELOPMENT_ASSET_PATHS = "\"Sec7-1_BindinglsChecked/Preview Content\"";
				DEVELOPMENT_TEAM = Z4ZXQK8YTS;
				ENABLE_PREVIEWS = YES;
				GENERATE_INFOPLIST_FILE = YES;
				INFOPLIST_KEY_UIApplicationSceneManifest_Generation = YES;
				INFOPLIST_KEY_UIApplicationSupportsIndirectInputEvents = YES;
				INFOPLIST_KEY_UILaunchScreen_Generation = YES;
				INFOPLIST_KEY_UISupportedInterfaceOrientations_iPad = "UIInterfaceOrientationPortrait UIInterfaceOrientationPortraitUpsideDown UIInterfaceOrientationLandscapeLeft UIInterfaceOrientationLandscapeRight";
				INFOPLIST_KEY_UISupportedInterfaceOrientations_iPhone = "UIInterfaceOrientationPortrait UIInterfaceOrientationLandscapeLeft UIInterfaceOrientationLandscapeRight";
				LD_RUNPATH_SEARCH_PATHS = (
					"$(inherited)",
					"@executable_path/Frameworks",
				);
				MARKETING_VERSION = 1.0;
				PRODUCT_BUNDLE_IDENTIFIER = "com.kato.dev.Sec7-1-BindinglsChecked";
				PRODUCT_NAME = "$(TARGET_NAME)";
				SWIFT_EMIT_LOC_STRINGS = YES;
				SWIFT_VERSION = 5.0;
				TARGETED_DEVICE_FAMILY = "1,2";
			};
			name = Debug;
		};
		775F4D91290578F8004188A4 /* Release */ = {
			isa = XCBuildConfiguration;
			buildSettings = {
				ASSETCATALOG_COMPILER_APPICON_NAME = AppIcon;
				ASSETCATALOG_COMPILER_GLOBAL_ACCENT_COLOR_NAME = AccentColor;
				CODE_SIGN_STYLE = Automatic;
				CURRENT_PROJECT_VERSION = 1;
				DEVELOPMENT_ASSET_PATHS = "\"Sec7-1_BindinglsChecked/Preview Content\"";
				DEVELOPMENT_TEAM = Z4ZXQK8YTS;
				ENABLE_PREVIEWS = YES;
				GENERATE_INFOPLIST_FILE = YES;
				INFOPLIST_KEY_UIApplicationSceneManifest_Generation = YES;
				INFOPLIST_KEY_UIApplicationSupportsIndirectInputEvents = YES;
				INFOPLIST_KEY_UILaunchScreen_Generation = YES;
				INFOPLIST_KEY_UISupportedInterfaceOrientations_iPad = "UIInterfaceOrientationPortrait UIInterfaceOrientationPortraitUpsideDown UIInterfaceOrientationLandscapeLeft UIInterfaceOrientationLandscapeRight";
				INFOPLIST_KEY_UISupportedInterfaceOrientations_iPhone = "UIInterfaceOrientationPortrait UIInterfaceOrientationLandscapeLeft UIInterfaceOrientationLandscapeRight";
				LD_RUNPATH_SEARCH_PATHS = (
					"$(inherited)",
					"@executable_path/Frameworks",
				);
				MARKETING_VERSION = 1.0;
				PRODUCT_BUNDLE_IDENTIFIER = "com.kato.dev.Sec7-1-BindinglsChecked";
				PRODUCT_NAME = "$(TARGET_NAME)";
				SWIFT_EMIT_LOC_STRINGS = YES;
				SWIFT_VERSION = 5.0;
				TARGETED_DEVICE_FAMILY = "1,2";
			};
			name = Release;
		};
/* End XCBuildConfiguration section */

/* Begin XCConfigurationList section */
		775F4D7C290578DE004188A4 /* Build configuration list for PBXProject "Sec7-1_BindinglsChecked" */ = {
			isa = XCConfigurationList;
			buildConfigurations = (
				775F4D8D290578F8004188A4 /* Debug */,
				775F4D8E290578F8004188A4 /* Release */,
			);
			defaultConfigurationIsVisible = 0;
			defaultConfigurationName = Release;
		};
		775F4D8F290578F8004188A4 /* Build configuration list for PBXNativeTarget "Sec7-1_BindinglsChecked" */ = {
			isa = XCConfigurationList;
			buildConfigurations = (
				775F4D90290578F8004188A4 /* Debug */,
				775F4D91290578F8004188A4 /* Release */,
			);
			defaultConfigurationIsVisible = 0;
			defaultConfigurationName = Release;
		};
/* End XCConfigurationList section */
	};
	rootObject = 775F4D79290578DE004188A4 /* Project object */;
}
